
Microsoft Visual Studio Solution File, Format Version 12.00
Project("{FAE04EC0-301F-11D3-BF4B-00C04F79EFBC}") = "MrKWatkins.Cards", "MrKWatkins.Cards\MrKWatkins.Cards.csproj", "{DECFAD51-8532-4EE0-A1AD-F1CD79511211}"
EndProject
Project("{2150E333-8FDC-42A3-9474-1A3956D46DE8}") = "Build", "Build", "{AA2A3531-840B-46F4-9B3B-A49CA1A1E043}"
	ProjectSection(SolutionItems) = preProject
		Directory.Build.props = Directory.Build.props
		.gitignore = .gitignore
		.editorconfig = .editorconfig
		dotnet.yml = .github/workflows/dotnet.yml
	EndProjectSection
EndProject
Project("{FAE04EC0-301F-11D3-BF4B-00C04F79EFBC}") = "MrKWatkins.Cards.Tests", "MrKWatkins.Cards.Tests\MrKWatkins.Cards.Tests.csproj", "{696D3CD7-2175-4179-9EA9-ECC80A869055}"
EndProject
Project("{FAE04EC0-301F-11D3-BF4B-00C04F79EFBC}") = "MrKWatkins.Cards.Benchmarks", "MrKWatkins.Cards.Benchmarks\MrKWatkins.Cards.Benchmarks.csproj", "{4619AAB8-8ADB-4321-8A2C-6AE47D4A0D77}"
EndProject
Project("{FAE04EC0-301F-11D3-BF4B-00C04F79EFBC}") = "MrKWatkins.Cards.Poker", "MrKWatkins.Cards.Poker\MrKWatkins.Cards.Poker.csproj", "{C07C92F5-D680-4175-88FB-9A89EFC96EB0}"
EndProject
Project("{FAE04EC0-301F-11D3-BF4B-00C04F79EFBC}") = "MrKWatkins.Cards.Poker.Tests", "MrKWatkins.Cards.Poker.Tests\MrKWatkins.Cards.Poker.Tests.csproj", "{4B3B78F3-1832-41CB-9378-3135A379EDE2}"
EndProject
Project("{FAE04EC0-301F-11D3-BF4B-00C04F79EFBC}") = "MrKWatkins.Cards.Testing", "MrKWatkins.Cards.Testing\MrKWatkins.Cards.Testing.csproj", "{A60502EB-2A28-4881-AF54-AA264AA8D661}"
EndProject
Global
	GlobalSection(SolutionConfigurationPlatforms) = preSolution
		Debug|Any CPU = Debug|Any CPU
		Release|Any CPU = Release|Any CPU
	EndGlobalSection
	GlobalSection(ProjectConfigurationPlatforms) = postSolution
		{DECFAD51-8532-4EE0-A1AD-F1CD79511211}.Debug|Any CPU.ActiveCfg = Debug|Any CPU
		{DECFAD51-8532-4EE0-A1AD-F1CD79511211}.Debug|Any CPU.Build.0 = Debug|Any CPU
		{DECFAD51-8532-4EE0-A1AD-F1CD79511211}.Release|Any CPU.ActiveCfg = Release|Any CPU
		{DECFAD51-8532-4EE0-A1AD-F1CD79511211}.Release|Any CPU.Build.0 = Release|Any CPU
		{696D3CD7-2175-4179-9EA9-ECC80A869055}.Debug|Any CPU.ActiveCfg = Debug|Any CPU
		{696D3CD7-2175-4179-9EA9-ECC80A869055}.Debug|Any CPU.Build.0 = Debug|Any CPU
		{696D3CD7-2175-4179-9EA9-ECC80A869055}.Release|Any CPU.ActiveCfg = Release|Any CPU
		{696D3CD7-2175-4179-9EA9-ECC80A869055}.Release|Any CPU.Build.0 = Release|Any CPU
		{4619AAB8-8ADB-4321-8A2C-6AE47D4A0D77}.Debug|Any CPU.ActiveCfg = Debug|Any CPU
		{4619AAB8-8ADB-4321-8A2C-6AE47D4A0D77}.Debug|Any CPU.Build.0 = Debug|Any CPU
		{4619AAB8-8ADB-4321-8A2C-6AE47D4A0D77}.Release|Any CPU.ActiveCfg = Release|Any CPU
		{4619AAB8-8ADB-4321-8A2C-6AE47D4A0D77}.Release|Any CPU.Build.0 = Release|Any CPU
		{C07C92F5-D680-4175-88FB-9A89EFC96EB0}.Debug|Any CPU.ActiveCfg = Debug|Any CPU
		{C07C92F5-D680-4175-88FB-9A89EFC96EB0}.Debug|Any CPU.Build.0 = Debug|Any CPU
		{C07C92F5-D680-4175-88FB-9A89EFC96EB0}.Release|Any CPU.ActiveCfg = Release|Any CPU
		{C07C92F5-D680-4175-88FB-9A89EFC96EB0}.Release|Any CPU.Build.0 = Release|Any CPU
		{4B3B78F3-1832-41CB-9378-3135A379EDE2}.Debug|Any CPU.ActiveCfg = Debug|Any CPU
		{4B3B78F3-1832-41CB-9378-3135A379EDE2}.Debug|Any CPU.Build.0 = Debug|Any CPU
		{4B3B78F3-1832-41CB-9378-3135A379EDE2}.Release|Any CPU.ActiveCfg = Release|Any CPU
		{4B3B78F3-1832-41CB-9378-3135A379EDE2}.Release|Any CPU.Build.0 = Release|Any CPU
		{A60502EB-2A28-4881-AF54-AA264AA8D661}.Debug|Any CPU.ActiveCfg = Debug|Any CPU
		{A60502EB-2A28-4881-AF54-AA264AA8D661}.Debug|Any CPU.Build.0 = Debug|Any CPU
		{A60502EB-2A28-4881-AF54-AA264AA8D661}.Release|Any CPU.ActiveCfg = Release|Any CPU
		{A60502EB-2A28-4881-AF54-AA264AA8D661}.Release|Any CPU.Build.0 = Release|Any CPU
	EndGlobalSection
EndGlobal
